// !$*UTF8*$!
{
	archiveVersion = 1;
	classes = {
	};
	objectVersion = 50;
	objects = {

/* Begin PBXBuildFile section */
		1E7C12CC4CACF5BAC26EADD5 /* Pods_Shopify_S19.framework in Frameworks */ = {isa = PBXBuildFile; fileRef = 53709C6EF8E5297422215D57 /* Pods_Shopify_S19.framework */; };
		586CA47221F2A16E00274707 /* CollectionListItem.swift in Sources */ = {isa = PBXBuildFile; fileRef = 586CA47121F2A16E00274707 /* CollectionListItem.swift */; };
		586CA47421F3B5A600274707 /* CollectionsListService.swift in Sources */ = {isa = PBXBuildFile; fileRef = 586CA47321F3B5A600274707 /* CollectionsListService.swift */; };
		586CA47721F3DA0700274707 /* CollectionsDetailViewController.swift in Sources */ = {isa = PBXBuildFile; fileRef = 586CA47621F3DA0700274707 /* CollectionsDetailViewController.swift */; };
		586CA47921F3DD8500274707 /* CollectionDetailService.swift in Sources */ = {isa = PBXBuildFile; fileRef = 586CA47821F3DD8500274707 /* CollectionDetailService.swift */; };
		586CA47B21F3F00600274707 /* ProductListItem.swift in Sources */ = {isa = PBXBuildFile; fileRef = 586CA47A21F3F00600274707 /* ProductListItem.swift */; };
		586CA47D21F3F29900274707 /* ProductListCell.xib in Resources */ = {isa = PBXBuildFile; fileRef = 586CA47C21F3F29900274707 /* ProductListCell.xib */; };
		586CA47F21F3F2B500274707 /* ProductListCell.swift in Sources */ = {isa = PBXBuildFile; fileRef = 586CA47E21F3F2B500274707 /* ProductListCell.swift */; };
		586CA48121F43B2D00274707 /* Error.swift in Sources */ = {isa = PBXBuildFile; fileRef = 586CA48021F43B2D00274707 /* Error.swift */; };
		586CA48321F43EAD00274707 /* UIViewController + Spinner.swift in Sources */ = {isa = PBXBuildFile; fileRef = 586CA48221F43EAD00274707 /* UIViewController + Spinner.swift */; };
		58762D5821F16AB2006379CA /* AppDelegate.swift in Sources */ = {isa = PBXBuildFile; fileRef = 58762D5721F16AB2006379CA /* AppDelegate.swift */; };
		58762D5A21F16AB2006379CA /* CollectionsListViewController.swift in Sources */ = {isa = PBXBuildFile; fileRef = 58762D5921F16AB2006379CA /* CollectionsListViewController.swift */; };
		58762D5F21F16AB4006379CA /* Assets.xcassets in Resources */ = {isa = PBXBuildFile; fileRef = 58762D5E21F16AB4006379CA /* Assets.xcassets */; };
		58762D6E21F171A6006379CA /* ShopifyStrings.swift in Sources */ = {isa = PBXBuildFile; fileRef = 58762D6D21F171A6006379CA /* ShopifyStrings.swift */; };
		58762D7221F18812006379CA /* CollectionListCell.swift in Sources */ = {isa = PBXBuildFile; fileRef = 58762D7121F18812006379CA /* CollectionListCell.swift */; };
		58762D7421F297A1006379CA /* CollectionListCell.xib in Resources */ = {isa = PBXBuildFile; fileRef = 58762D7321F297A1006379CA /* CollectionListCell.xib */; };
/* End PBXBuildFile section */

/* Begin PBXFileReference section */
		468FD6FE6AA633A1432045E3 /* Pods-Shopify-S19.debug.xcconfig */ = {isa = PBXFileReference; includeInIndex = 1; lastKnownFileType = text.xcconfig; name = "Pods-Shopify-S19.debug.xcconfig"; path = "Pods/Target Support Files/Pods-Shopify-S19/Pods-Shopify-S19.debug.xcconfig"; sourceTree = "<group>"; };
		53709C6EF8E5297422215D57 /* Pods_Shopify_S19.framework */ = {isa = PBXFileReference; explicitFileType = wrapper.framework; includeInIndex = 0; path = Pods_Shopify_S19.framework; sourceTree = BUILT_PRODUCTS_DIR; };
		586CA47121F2A16E00274707 /* CollectionListItem.swift */ = {isa = PBXFileReference; lastKnownFileType = sourcecode.swift; path = CollectionListItem.swift; sourceTree = "<group>"; };
		586CA47321F3B5A600274707 /* CollectionsListService.swift */ = {isa = PBXFileReference; lastKnownFileType = sourcecode.swift; path = CollectionsListService.swift; sourceTree = "<group>"; };
		586CA47621F3DA0700274707 /* CollectionsDetailViewController.swift */ = {isa = PBXFileReference; lastKnownFileType = sourcecode.swift; path = CollectionsDetailViewController.swift; sourceTree = "<group>"; };
		586CA47821F3DD8500274707 /* CollectionDetailService.swift */ = {isa = PBXFileReference; lastKnownFileType = sourcecode.swift; path = CollectionDetailService.swift; sourceTree = "<group>"; };
		586CA47A21F3F00600274707 /* ProductListItem.swift */ = {isa = PBXFileReference; lastKnownFileType = sourcecode.swift; path = ProductListItem.swift; sourceTree = "<group>"; };
		586CA47C21F3F29900274707 /* ProductListCell.xib */ = {isa = PBXFileReference; lastKnownFileType = file.xib; path = ProductListCell.xib; sourceTree = "<group>"; };
		586CA47E21F3F2B500274707 /* ProductListCell.swift */ = {isa = PBXFileReference; lastKnownFileType = sourcecode.swift; path = ProductListCell.swift; sourceTree = "<group>"; };
		586CA48021F43B2D00274707 /* Error.swift */ = {isa = PBXFileReference; lastKnownFileType = sourcecode.swift; path = Error.swift; sourceTree = "<group>"; };
		586CA48221F43EAD00274707 /* UIViewController + Spinner.swift */ = {isa = PBXFileReference; lastKnownFileType = sourcecode.swift; path = "UIViewController + Spinner.swift"; sourceTree = "<group>"; };
		58762D5421F16AB2006379CA /* Shopify-S19.app */ = {isa = PBXFileReference; explicitFileType = wrapper.application; includeInIndex = 0; path = "Shopify-S19.app"; sourceTree = BUILT_PRODUCTS_DIR; };
		58762D5721F16AB2006379CA /* AppDelegate.swift */ = {isa = PBXFileReference; lastKnownFileType = sourcecode.swift; path = AppDelegate.swift; sourceTree = "<group>"; };
		58762D5921F16AB2006379CA /* CollectionsListViewController.swift */ = {isa = PBXFileReference; lastKnownFileType = sourcecode.swift; path = CollectionsListViewController.swift; sourceTree = "<group>"; };
		58762D5E21F16AB4006379CA /* Assets.xcassets */ = {isa = PBXFileReference; lastKnownFileType = folder.assetcatalog; path = Assets.xcassets; sourceTree = "<group>"; };
		58762D6321F16AB4006379CA /* Info.plist */ = {isa = PBXFileReference; lastKnownFileType = text.plist.xml; path = Info.plist; sourceTree = "<group>"; };
		58762D6D21F171A6006379CA /* ShopifyStrings.swift */ = {isa = PBXFileReference; lastKnownFileType = sourcecode.swift; path = ShopifyStrings.swift; sourceTree = "<group>"; };
		58762D7121F18812006379CA /* CollectionListCell.swift */ = {isa = PBXFileReference; lastKnownFileType = sourcecode.swift; path = CollectionListCell.swift; sourceTree = "<group>"; };
		58762D7321F297A1006379CA /* CollectionListCell.xib */ = {isa = PBXFileReference; lastKnownFileType = file.xib; path = CollectionListCell.xib; sourceTree = "<group>"; };
		61A7CDBEDED349C2E2338F53 /* Pods-Shopify-S19.release.xcconfig */ = {isa = PBXFileReference; includeInIndex = 1; lastKnownFileType = text.xcconfig; name = "Pods-Shopify-S19.release.xcconfig"; path = "Pods/Target Support Files/Pods-Shopify-S19/Pods-Shopify-S19.release.xcconfig"; sourceTree = "<group>"; };
/* End PBXFileReference section */

/* Begin PBXFrameworksBuildPhase section */
		58762D5121F16AB2006379CA /* Frameworks */ = {
			isa = PBXFrameworksBuildPhase;
			buildActionMask = 2147483647;
			files = (
				1E7C12CC4CACF5BAC26EADD5 /* Pods_Shopify_S19.framework in Frameworks */,
			);
			runOnlyForDeploymentPostprocessing = 0;
		};
/* End PBXFrameworksBuildPhase section */

/* Begin PBXGroup section */
		586CA47521F3B5BD00274707 /* Services */ = {
			isa = PBXGroup;
			children = (
				586CA47321F3B5A600274707 /* CollectionsListService.swift */,
				586CA47821F3DD8500274707 /* CollectionDetailService.swift */,
			);
			path = Services;
			sourceTree = "<group>";
		};
		58762D4B21F16AB2006379CA = {
			isa = PBXGroup;
			children = (
				58762D5621F16AB2006379CA /* Shopify-S19 */,
				58762D5521F16AB2006379CA /* Products */,
				851EA6268EECCFC300F5DB9D /* Pods */,
				784721B9F567466255645DFF /* Frameworks */,
			);
			sourceTree = "<group>";
		};
		58762D5521F16AB2006379CA /* Products */ = {
			isa = PBXGroup;
			children = (
				58762D5421F16AB2006379CA /* Shopify-S19.app */,
			);
			name = Products;
			sourceTree = "<group>";
		};
		58762D5621F16AB2006379CA /* Shopify-S19 */ = {
			isa = PBXGroup;
			children = (
				586CA47521F3B5BD00274707 /* Services */,
				58762D6C21F1718A006379CA /* Other */,
				58762D6B21F1714C006379CA /* Controller */,
				58762D6A21F17144006379CA /* View */,
				58762D6921F1713B006379CA /* Model */,
				58762D5721F16AB2006379CA /* AppDelegate.swift */,
				58762D5E21F16AB4006379CA /* Assets.xcassets */,
				58762D6321F16AB4006379CA /* Info.plist */,
			);
			path = "Shopify-S19";
			sourceTree = "<group>";
		};
		58762D6921F1713B006379CA /* Model */ = {
			isa = PBXGroup;
			children = (
				586CA47121F2A16E00274707 /* CollectionListItem.swift */,
				586CA47A21F3F00600274707 /* ProductListItem.swift */,
			);
			path = Model;
			sourceTree = "<group>";
		};
		58762D6A21F17144006379CA /* View */ = {
			isa = PBXGroup;
			children = (
				58762D7121F18812006379CA /* CollectionListCell.swift */,
				58762D7321F297A1006379CA /* CollectionListCell.xib */,
				586CA47C21F3F29900274707 /* ProductListCell.xib */,
				586CA47E21F3F2B500274707 /* ProductListCell.swift */,
			);
			path = View;
			sourceTree = "<group>";
		};
		58762D6B21F1714C006379CA /* Controller */ = {
			isa = PBXGroup;
			children = (
				58762D5921F16AB2006379CA /* CollectionsListViewController.swift */,
				586CA47621F3DA0700274707 /* CollectionsDetailViewController.swift */,
			);
			path = Controller;
			sourceTree = "<group>";
		};
		58762D6C21F1718A006379CA /* Other */ = {
			isa = PBXGroup;
			children = (
				58762D6D21F171A6006379CA /* ShopifyStrings.swift */,
				586CA48021F43B2D00274707 /* Error.swift */,
				586CA48221F43EAD00274707 /* UIViewController + Spinner.swift */,
			);
			path = Other;
			sourceTree = "<group>";
		};
		784721B9F567466255645DFF /* Frameworks */ = {
			isa = PBXGroup;
			children = (
				53709C6EF8E5297422215D57 /* Pods_Shopify_S19.framework */,
			);
			name = Frameworks;
			sourceTree = "<group>";
		};
		851EA6268EECCFC300F5DB9D /* Pods */ = {
			isa = PBXGroup;
			children = (
				468FD6FE6AA633A1432045E3 /* Pods-Shopify-S19.debug.xcconfig */,
				61A7CDBEDED349C2E2338F53 /* Pods-Shopify-S19.release.xcconfig */,
			);
			name = Pods;
			sourceTree = "<group>";
		};
/* End PBXGroup section */

/* Begin PBXNativeTarget section */
		58762D5321F16AB2006379CA /* Shopify-S19 */ = {
			isa = PBXNativeTarget;
			buildConfigurationList = 58762D6621F16AB4006379CA /* Build configuration list for PBXNativeTarget "Shopify-S19" */;
			buildPhases = (
				A5C439197DDD3BB2283D251A /* [CP] Check Pods Manifest.lock */,
				58762D5021F16AB2006379CA /* Sources */,
				58762D5121F16AB2006379CA /* Frameworks */,
				58762D5221F16AB2006379CA /* Resources */,
				E7FFDBA720924CBE55320262 /* [CP] Embed Pods Frameworks */,
			);
			buildRules = (
			);
			dependencies = (
			);
			name = "Shopify-S19";
			productName = "Shopify-S19";
			productReference = 58762D5421F16AB2006379CA /* Shopify-S19.app */;
			productType = "com.apple.product-type.application";
		};
/* End PBXNativeTarget section */

/* Begin PBXProject section */
		58762D4C21F16AB2006379CA /* Project object */ = {
			isa = PBXProject;
			attributes = {
				LastSwiftUpdateCheck = 1010;
				LastUpgradeCheck = 1010;
				ORGANIZATIONNAME = "Neelaksh Bhatia";
				TargetAttributes = {
					58762D5321F16AB2006379CA = {
						CreatedOnToolsVersion = 10.1;
					};
				};
			};
			buildConfigurationList = 58762D4F21F16AB2006379CA /* Build configuration list for PBXProject "Shopify-S19" */;
			compatibilityVersion = "Xcode 9.3";
			developmentRegion = en;
			hasScannedForEncodings = 0;
			knownRegions = (
				en,
				Base,
			);
			mainGroup = 58762D4B21F16AB2006379CA;
			productRefGroup = 58762D5521F16AB2006379CA /* Products */;
			projectDirPath = "";
			projectRoot = "";
			targets = (
				58762D5321F16AB2006379CA /* Shopify-S19 */,
			);
		};
/* End PBXProject section */

/* Begin PBXResourcesBuildPhase section */
		58762D5221F16AB2006379CA /* Resources */ = {
			isa = PBXResourcesBuildPhase;
			buildActionMask = 2147483647;
			files = (
				58762D5F21F16AB4006379CA /* Assets.xcassets in Resources */,
				586CA47D21F3F29900274707 /* ProductListCell.xib in Resources */,
				58762D7421F297A1006379CA /* CollectionListCell.xib in Resources */,
			);
			runOnlyForDeploymentPostprocessing = 0;
		};
/* End PBXResourcesBuildPhase section */

/* Begin PBXShellScriptBuildPhase section */
		A5C439197DDD3BB2283D251A /* [CP] Check Pods Manifest.lock */ = {
			isa = PBXShellScriptBuildPhase;
			buildActionMask = 2147483647;
			files = (
			);
			inputPaths = (
				"${PODS_PODFILE_DIR_PATH}/Podfile.lock",
				"${PODS_ROOT}/Manifest.lock",
			);
			name = "[CP] Check Pods Manifest.lock";
			outputPaths = (
				"$(DERIVED_FILE_DIR)/Pods-Shopify-S19-checkManifestLockResult.txt",
			);
			runOnlyForDeploymentPostprocessing = 0;
			shellPath = /bin/sh;
			shellScript = "diff \"${PODS_PODFILE_DIR_PATH}/Podfile.lock\" \"${PODS_ROOT}/Manifest.lock\" > /dev/null\nif [ $? != 0 ] ; then\n    # print error to STDERR\n    echo \"error: The sandbox is not in sync with the Podfile.lock. Run 'pod install' or update your CocoaPods installation.\" >&2\n    exit 1\nfi\n# This output is used by Xcode 'outputs' to avoid re-running this script phase.\necho \"SUCCESS\" > \"${SCRIPT_OUTPUT_FILE_0}\"\n";
			showEnvVarsInLog = 0;
		};
		E7FFDBA720924CBE55320262 /* [CP] Embed Pods Frameworks */ = {
			isa = PBXShellScriptBuildPhase;
			buildActionMask = 2147483647;
			files = (
			);
			inputPaths = (
				"${SRCROOT}/Pods/Target Support Files/Pods-Shopify-S19/Pods-Shopify-S19-frameworks.sh",
				"${BUILT_PRODUCTS_DIR}/Alamofire/Alamofire.framework",
				"${BUILT_PRODUCTS_DIR}/SnapKit/SnapKit.framework",
			);
			name = "[CP] Embed Pods Frameworks";
			outputPaths = (
				"${TARGET_BUILD_DIR}/${FRAMEWORKS_FOLDER_PATH}/Alamofire.framework",
				"${TARGET_BUILD_DIR}/${FRAMEWORKS_FOLDER_PATH}/SnapKit.framework",
			);
			runOnlyForDeploymentPostprocessing = 0;
			shellPath = /bin/sh;
			shellScript = "\"${SRCROOT}/Pods/Target Support Files/Pods-Shopify-S19/Pods-Shopify-S19-frameworks.sh\"\n";
			showEnvVarsInLog = 0;
		};
/* End PBXShellScriptBuildPhase section */

/* Begin PBXSourcesBuildPhase section */
		58762D5021F16AB2006379CA /* Sources */ = {
			isa = PBXSourcesBuildPhase;
			buildActionMask = 2147483647;
			files = (
				586CA47921F3DD8500274707 /* CollectionDetailService.swift in Sources */,
				58762D5A21F16AB2006379CA /* CollectionsListViewController.swift in Sources */,
				58762D6E21F171A6006379CA /* ShopifyStrings.swift in Sources */,
				586CA48121F43B2D00274707 /* Error.swift in Sources */,
				586CA48321F43EAD00274707 /* UIViewController + Spinner.swift in Sources */,
				58762D5821F16AB2006379CA /* AppDelegate.swift in Sources */,
				586CA47221F2A16E00274707 /* CollectionListItem.swift in Sources */,
				58762D7221F18812006379CA /* CollectionListCell.swift in Sources */,
				586CA47721F3DA0700274707 /* CollectionsDetailViewController.swift in Sources */,
				586CA47421F3B5A600274707 /* CollectionsListService.swift in Sources */,
				586CA47B21F3F00600274707 /* ProductListItem.swift in Sources */,
				586CA47F21F3F2B500274707 /* ProductListCell.swift in Sources */,
			);
			runOnlyForDeploymentPostprocessing = 0;
		};
/* End PBXSourcesBuildPhase section */

/* Begin XCBuildConfiguration section */
		58762D6421F16AB4006379CA /* Debug */ = {
			isa = XCBuildConfiguration;
			buildSettings = {
				ALWAYS_SEARCH_USER_PATHS = NO;
				CLANG_ANALYZER_NONNULL = YES;
				CLANG_ANALYZER_NUMBER_OBJECT_CONVERSION = YES_AGGRESSIVE;
				CLANG_CXX_LANGUAGE_STANDARD = "gnu++14";
				CLANG_CXX_LIBRARY = "libc++";
				CLANG_ENABLE_MODULES = YES;
				CLANG_ENABLE_OBJC_ARC = YES;
				CLANG_ENABLE_OBJC_WEAK = YES;
				CLANG_WARN_BLOCK_CAPTURE_AUTORELEASING = YES;
				CLANG_WARN_BOOL_CONVERSION = YES;
				CLANG_WARN_COMMA = YES;
				CLANG_WARN_CONSTANT_CONVERSION = YES;
				CLANG_WARN_DEPRECATED_OBJC_IMPLEMENTATIONS = YES;
				CLANG_WARN_DIRECT_OBJC_ISA_USAGE = YES_ERROR;
				CLANG_WARN_DOCUMENTATION_COMMENTS = YES;
				CLANG_WARN_EMPTY_BODY = YES;
				CLANG_WARN_ENUM_CONVERSION = YES;
				CLANG_WARN_INFINITE_RECURSION = YES;
				CLANG_WARN_INT_CONVERSION = YES;
				CLANG_WARN_NON_LITERAL_NULL_CONVERSION = YES;
				CLANG_WARN_OBJC_IMPLICIT_RETAIN_SELF = YES;
				CLANG_WARN_OBJC_LITERAL_CONVERSION = YES;
				CLANG_WARN_OBJC_ROOT_CLASS = YES_ERROR;
				CLANG_WARN_RANGE_LOOP_ANALYSIS = YES;
				CLANG_WARN_STRICT_PROTOTYPES = YES;
				CLANG_WARN_SUSPICIOUS_MOVE = YES;
				CLANG_WARN_UNGUARDED_AVAILABILITY = YES_AGGRESSIVE;
				CLANG_WARN_UNREACHABLE_CODE = YES;
				CLANG_WARN__DUPLICATE_METHOD_MATCH = YES;
				CODE_SIGN_IDENTITY = "iPhone Developer";
				COPY_PHASE_STRIP = NO;
				DEBUG_INFORMATION_FORMAT = dwarf;
				ENABLE_STRICT_OBJC_MSGSEND = YES;
				ENABLE_TESTABILITY = YES;
				GCC_C_LANGUAGE_STANDARD = gnu11;
				GCC_DYNAMIC_NO_PIC = NO;
				GCC_NO_COMMON_BLOCKS = YES;
				GCC_OPTIMIZATION_LEVEL = 0;
				GCC_PREPROCESSOR_DEFINITIONS = (
					"DEBUG=1",
					"$(inherited)",
				);
				GCC_WARN_64_TO_32_BIT_CONVERSION = YES;
				GCC_WARN_ABOUT_RETURN_TYPE = YES_ERROR;
				GCC_WARN_UNDECLARED_SELECTOR = YES;
				GCC_WARN_UNINITIALIZED_AUTOS = YES_AGGRESSIVE;
				GCC_WARN_UNUSED_FUNCTION = YES;
				GCC_WARN_UNUSED_VARIABLE = YES;
				IPHONEOS_DEPLOYMENT_TARGET = 12.1;
				MTL_ENABLE_DEBUG_INFO = INCLUDE_SOURCE;
				MTL_FAST_MATH = YES;
				ONLY_ACTIVE_ARCH = YES;
				SDKROOT = iphoneos;
				SWIFT_ACTIVE_COMPILATION_CONDITIONS = DEBUG;
				SWIFT_OPTIMIZATION_LEVEL = "-Onone";
			};
			name = Debug;
		};
		58762D6521F16AB4006379CA /* Release */ = {
			isa = XCBuildConfiguration;
			buildSettings = {
				ALWAYS_SEARCH_USER_PATHS = NO;
				CLANG_ANALYZER_NONNULL = YES;
				CLANG_ANALYZER_NUMBER_OBJECT_CONVERSION = YES_AGGRESSIVE;
				CLANG_CXX_LANGUAGE_STANDARD = "gnu++14";
				CLANG_CXX_LIBRARY = "libc++";
				CLANG_ENABLE_MODULES = YES;
				CLANG_ENABLE_OBJC_ARC = YES;
				CLANG_ENABLE_OBJC_WEAK = YES;
				CLANG_WARN_BLOCK_CAPTURE_AUTORELEASING = YES;
				CLANG_WARN_BOOL_CONVERSION = YES;
				CLANG_WARN_COMMA = YES;
				CLANG_WARN_CONSTANT_CONVERSION = YES;
				CLANG_WARN_DEPRECATED_OBJC_IMPLEMENTATIONS = YES;
				CLANG_WARN_DIRECT_OBJC_ISA_USAGE = YES_ERROR;
				CLANG_WARN_DOCUMENTATION_COMMENTS = YES;
				CLANG_WARN_EMPTY_BODY = YES;
				CLANG_WARN_ENUM_CONVERSION = YES;
				CLANG_WARN_INFINITE_RECURSION = YES;
				CLANG_WARN_INT_CONVERSION = YES;
				CLANG_WARN_NON_LITERAL_NULL_CONVERSION = YES;
				CLANG_WARN_OBJC_IMPLICIT_RETAIN_SELF = YES;
				CLANG_WARN_OBJC_LITERAL_CONVERSION = YES;
				CLANG_WARN_OBJC_ROOT_CLASS = YES_ERROR;
				CLANG_WARN_RANGE_LOOP_ANALYSIS = YES;
				CLANG_WARN_STRICT_PROTOTYPES = YES;
				CLANG_WARN_SUSPICIOUS_MOVE = YES;
				CLANG_WARN_UNGUARDED_AVAILABILITY = YES_AGGRESSIVE;
				CLANG_WARN_UNREACHABLE_CODE = YES;
				CLANG_WARN__DUPLICATE_METHOD_MATCH = YES;
				CODE_SIGN_IDENTITY = "iPhone Developer";
				COPY_PHASE_STRIP = NO;
				DEBUG_INFORMATION_FORMAT = "dwarf-with-dsym";
				ENABLE_NS_ASSERTIONS = NO;
				ENABLE_STRICT_OBJC_MSGSEND = YES;
				GCC_C_LANGUAGE_STANDARD = gnu11;
				GCC_NO_COMMON_BLOCKS = YES;
				GCC_WARN_64_TO_32_BIT_CONVERSION = YES;
				GCC_WARN_ABOUT_RETURN_TYPE = YES_ERROR;
				GCC_WARN_UNDECLARED_SELECTOR = YES;
				GCC_WARN_UNINITIALIZED_AUTOS = YES_AGGRESSIVE;
				GCC_WARN_UNUSED_FUNCTION = YES;
				GCC_WARN_UNUSED_VARIABLE = YES;
				IPHONEOS_DEPLOYMENT_TARGET = 12.1;
				MTL_ENABLE_DEBUG_INFO = NO;
				MTL_FAST_MATH = YES;
				SDKROOT = iphoneos;
				SWIFT_COMPILATION_MODE = wholemodule;
				SWIFT_OPTIMIZATION_LEVEL = "-O";
				VALIDATE_PRODUCT = YES;
			};
			name = Release;
		};
		58762D6721F16AB4006379CA /* Debug */ = {
			isa = XCBuildConfiguration;
			baseConfigurationReference = 468FD6FE6AA633A1432045E3 /* Pods-Shopify-S19.debug.xcconfig */;
			buildSettings = {
				ASSETCATALOG_COMPILER_APPICON_NAME = AppIcon;
				CODE_SIGN_STYLE = Automatic;
				DEVELOPMENT_TEAM = N9Y9895ZXT;
				INFOPLIST_FILE = "Shopify-S19/Info.plist";
				LD_RUNPATH_SEARCH_PATHS = (
					"$(inherited)",
					"@executable_path/Frameworks",
				);
				PRODUCT_BUNDLE_IDENTIFIER = "vrmars.Shopify-S19";
				PRODUCT_NAME = "$(TARGET_NAME)";
				SWIFT_VERSION = 4.2;
				TARGETED_DEVICE_FAMILY = "1,2";
			};
			name = Debug;
		};
		58762D6821F16AB4006379CA /* Release */ = {
			isa = XCBuildConfiguration;
			baseConfigurationReference = 61A7CDBEDED349C2E2338F53 /* Pods-Shopify-S19.release.xcconfig */;
			buildSettings = {
				ASSETCATALOG_COMPILER_APPICON_NAME = AppIcon;
				CODE_SIGN_STYLE = Automatic;
				DEVELOPMENT_TEAM = N9Y9895ZXT;
				INFOPLIST_FILE = "Shopify-S19/Info.plist";
				LD_RUNPATH_SEARCH_PATHS = (
					"$(inherited)",
					"@executable_path/Frameworks",
				);
				PRODUCT_BUNDLE_IDENTIFIER = "vrmars.Shopify-S19";
				PRODUCT_NAME = "$(TARGET_NAME)";
				SWIFT_VERSION = 4.2;
				TARGETED_DEVICE_FAMILY = "1,2";
			};
			name = Release;
		};
/* End XCBuildConfiguration section */

/* Begin XCConfigurationList section */
		58762D4F21F16AB2006379CA /* Build configuration list for PBXProject "Shopify-S19" */ = {
			isa = XCConfigurationList;
			buildConfigurations = (
				58762D6421F16AB4006379CA /* Debug */,
				58762D6521F16AB4006379CA /* Release */,
			);
			defaultConfigurationIsVisible = 0;
			defaultConfigurationName = Release;
		};
		58762D6621F16AB4006379CA /* Build configuration list for PBXNativeTarget "Shopify-S19" */ = {
			isa = XCConfigurationList;
			buildConfigurations = (
				58762D6721F16AB4006379CA /* Debug */,
				58762D6821F16AB4006379CA /* Release */,
			);
			defaultConfigurationIsVisible = 0;
			defaultConfigurationName = Release;
		};
/* End XCConfigurationList section */
	};
	rootObject = 58762D4C21F16AB2006379CA /* Project object */;
}
